
Microsoft Visual Studio Solution File, Format Version 12.00
# Visual Studio Version 17
VisualStudioVersion = 17.6.33815.320
MinimumVisualStudioVersion = 10.0.40219.1
Project("{8BC9CEB8-8B4A-11D0-8D11-00A0C91BC942}") = "HomeWorkCPP6.1.1", "HomeWorkCPP6.1.1.vcxproj", "{66E91F47-3C78-42AE-B702-A5B669C3C3BD}"
EndProject
Global
	GlobalSection(SolutionConfigurationPlatforms) = preSolution
		Debug|x64 = Debug|x64
		Debug|x86 = Debug|x86
		Release|x64 = Release|x64
		Release|x86 = Release|x86
	EndGlobalSection
	GlobalSection(ProjectConfigurationPlatforms) = postSolution
		{66E91F47-3C78-42AE-B702-A5B669C3C3BD}.Debug|x64.ActiveCfg = Debug|x64
		{66E91F47-3C78-42AE-B702-A5B669C3C3BD}.Debug|x64.Build.0 = Debug|x64
		{66E91F47-3C78-42AE-B702-A5B669C3C3BD}.Debug|x86.ActiveCfg = Debug|Win32
		{66E91F47-3C78-42AE-B702-A5B669C3C3BD}.Debug|x86.Build.0 = Debug|Win32
		{66E91F47-3C78-42AE-B702-A5B669C3C3BD}.Release|x64.ActiveCfg = Release|x64
		{66E91F47-3C78-42AE-B702-A5B669C3C3BD}.Release|x64.Build.0 = Release|x64
		{66E91F47-3C78-42AE-B702-A5B669C3C3BD}.Release|x86.ActiveCfg = Release|Win32
		{66E91F47-3C78-42AE-B702-A5B669C3C3BD}.Release|x86.Build.0 = Release|Win32
	EndGlobalSection
	GlobalSection(SolutionProperties) = preSolution
		HideSolutionNode = FALSE
	EndGlobalSection
	GlobalSection(ExtensibilityGlobals) = postSolution
		SolutionGuid = {744ABCF5-F7FE-483E-BF4A-852A9FC1BBBD}
	EndGlobalSection
EndGlobal
